// !$*UTF8*$!
{
	archiveVersion = 1;
	classes = {
	};
	objectVersion = 46;
	objects = {

/* Begin PBXBuildFile section */
		510AAEF41E51EFCB00282925 /* ResourceManager.m in Sources */ = {isa = PBXBuildFile; fileRef = 510AAEF31E51EFCB00282925 /* ResourceManager.m */; };
		510AAEF61E51F16F00282925 /* offers.json in Resources */ = {isa = PBXBuildFile; fileRef = 510AAEF51E51F16F00282925 /* offers.json */; };
		512466961DB1445000B14F1E /* main.m in Sources */ = {isa = PBXBuildFile; fileRef = 512466951DB1445000B14F1E /* main.m */; };
		512466991DB1445000B14F1E /* AppDelegate.m in Sources */ = {isa = PBXBuildFile; fileRef = 512466981DB1445000B14F1E /* AppDelegate.m */; };
		5124669F1DB1445000B14F1E /* Main.storyboard in Resources */ = {isa = PBXBuildFile; fileRef = 5124669D1DB1445000B14F1E /* Main.storyboard */; };
		512466A11DB1445000B14F1E /* Assets.xcassets in Resources */ = {isa = PBXBuildFile; fileRef = 512466A01DB1445000B14F1E /* Assets.xcassets */; };
		512466A41DB1445000B14F1E /* LaunchScreen.storyboard in Resources */ = {isa = PBXBuildFile; fileRef = 512466A21DB1445000B14F1E /* LaunchScreen.storyboard */; };
		5172740B1E4E0CA200769583 /* UnlockSampleTableViewController.m in Sources */ = {isa = PBXBuildFile; fileRef = 5172740A1E4E0CA200769583 /* UnlockSampleTableViewController.m */; };
/* End PBXBuildFile section */

/* Begin PBXFileReference section */
		510AAEF21E51EFCB00282925 /* ResourceManager.h */ = {isa = PBXFileReference; fileEncoding = 4; lastKnownFileType = sourcecode.c.h; path = ResourceManager.h; sourceTree = "<group>"; };
		510AAEF31E51EFCB00282925 /* ResourceManager.m */ = {isa = PBXFileReference; fileEncoding = 4; lastKnownFileType = sourcecode.c.objc; path = ResourceManager.m; sourceTree = "<group>"; };
		510AAEF51E51F16F00282925 /* offers.json */ = {isa = PBXFileReference; fileEncoding = 4; lastKnownFileType = text.json; path = offers.json; sourceTree = "<group>"; };
		512466911DB1445000B14F1E /* Sample.app */ = {isa = PBXFileReference; explicitFileType = wrapper.application; includeInIndex = 0; path = Sample.app; sourceTree = BUILT_PRODUCTS_DIR; };
		512466951DB1445000B14F1E /* main.m */ = {isa = PBXFileReference; lastKnownFileType = sourcecode.c.objc; path = main.m; sourceTree = "<group>"; };
		512466971DB1445000B14F1E /* AppDelegate.h */ = {isa = PBXFileReference; lastKnownFileType = sourcecode.c.h; path = AppDelegate.h; sourceTree = "<group>"; };
		512466981DB1445000B14F1E /* AppDelegate.m */ = {isa = PBXFileReference; lastKnownFileType = sourcecode.c.objc; path = AppDelegate.m; sourceTree = "<group>"; };
		5124669E1DB1445000B14F1E /* Base */ = {isa = PBXFileReference; lastKnownFileType = file.storyboard; name = Base; path = Base.lproj/Main.storyboard; sourceTree = "<group>"; };
		512466A01DB1445000B14F1E /* Assets.xcassets */ = {isa = PBXFileReference; lastKnownFileType = folder.assetcatalog; path = Assets.xcassets; sourceTree = "<group>"; };
		512466A31DB1445000B14F1E /* Base */ = {isa = PBXFileReference; lastKnownFileType = file.storyboard; name = Base; path = Base.lproj/LaunchScreen.storyboard; sourceTree = "<group>"; };
		512466A51DB1445000B14F1E /* Info.plist */ = {isa = PBXFileReference; lastKnownFileType = text.plist.xml; path = Info.plist; sourceTree = "<group>"; };
		517274091E4E0CA200769583 /* UnlockSampleTableViewController.h */ = {isa = PBXFileReference; fileEncoding = 4; lastKnownFileType = sourcecode.c.h; path = UnlockSampleTableViewController.h; sourceTree = "<group>"; };
		5172740A1E4E0CA200769583 /* UnlockSampleTableViewController.m */ = {isa = PBXFileReference; fileEncoding = 4; lastKnownFileType = sourcecode.c.objc; path = UnlockSampleTableViewController.m; sourceTree = "<group>"; };
/* End PBXFileReference section */

/* Begin PBXFrameworksBuildPhase section */
		5124668E1DB1445000B14F1E /* Frameworks */ = {
			isa = PBXFrameworksBuildPhase;
			buildActionMask = 2147483647;
			files = (
			);
			runOnlyForDeploymentPostprocessing = 0;
		};
/* End PBXFrameworksBuildPhase section */

/* Begin PBXGroup section */
		512466881DB1445000B14F1E = {
			isa = PBXGroup;
			children = (
				512466931DB1445000B14F1E /* Sample */,
				512466921DB1445000B14F1E /* Products */,
			);
			sourceTree = "<group>";
		};
		512466921DB1445000B14F1E /* Products */ = {
			isa = PBXGroup;
			children = (
				512466911DB1445000B14F1E /* Sample.app */,
			);
			name = Products;
			sourceTree = "<group>";
		};
		512466931DB1445000B14F1E /* Sample */ = {
			isa = PBXGroup;
			children = (
				512466971DB1445000B14F1E /* AppDelegate.h */,
				512466981DB1445000B14F1E /* AppDelegate.m */,
				517274091E4E0CA200769583 /* UnlockSampleTableViewController.h */,
				5172740A1E4E0CA200769583 /* UnlockSampleTableViewController.m */,
				510AAEF21E51EFCB00282925 /* ResourceManager.h */,
				510AAEF31E51EFCB00282925 /* ResourceManager.m */,
				5124669D1DB1445000B14F1E /* Main.storyboard */,
				512466A01DB1445000B14F1E /* Assets.xcassets */,
				512466A21DB1445000B14F1E /* LaunchScreen.storyboard */,
				512466A51DB1445000B14F1E /* Info.plist */,
				510AAEF51E51F16F00282925 /* offers.json */,
				512466941DB1445000B14F1E /* Supporting Files */,
			);
			path = Sample;
			sourceTree = "<group>";
		};
		512466941DB1445000B14F1E /* Supporting Files */ = {
			isa = PBXGroup;
			children = (
				512466951DB1445000B14F1E /* main.m */,
			);
			name = "Supporting Files";
			sourceTree = "<group>";
		};
/* End PBXGroup section */

/* Begin PBXNativeTarget section */
		512466901DB1445000B14F1E /* Sample */ = {
			isa = PBXNativeTarget;
			buildConfigurationList = 512466A81DB1445000B14F1E /* Build configuration list for PBXNativeTarget "Sample" */;
			buildPhases = (
				5124668D1DB1445000B14F1E /* Sources */,
				5124668E1DB1445000B14F1E /* Frameworks */,
				5124668F1DB1445000B14F1E /* Resources */,
			);
			buildRules = (
			);
			dependencies = (
			);
			name = Sample;
			productName = Sample;
			productReference = 512466911DB1445000B14F1E /* Sample.app */;
			productType = "com.apple.product-type.application";
		};
/* End PBXNativeTarget section */

/* Begin PBXProject section */
		512466891DB1445000B14F1E /* Project object */ = {
			isa = PBXProject;
			attributes = {
				LastUpgradeCheck = 0810;
				ORGANIZATIONNAME = iMediapp;
				TargetAttributes = {
					512466901DB1445000B14F1E = {
						CreatedOnToolsVersion = 8.0;
						ProvisioningStyle = Automatic;
					};
				};
			};
			buildConfigurationList = 5124668C1DB1445000B14F1E /* Build configuration list for PBXProject "Sample" */;
			compatibilityVersion = "Xcode 3.2";
			developmentRegion = English;
			hasScannedForEncodings = 0;
			knownRegions = (
				en,
				Base,
			);
			mainGroup = 512466881DB1445000B14F1E;
			productRefGroup = 512466921DB1445000B14F1E /* Products */;
			projectDirPath = "";
			projectRoot = "";
			targets = (
				512466901DB1445000B14F1E /* Sample */,
			);
		};
/* End PBXProject section */

/* Begin PBXResourcesBuildPhase section */
		5124668F1DB1445000B14F1E /* Resources */ = {
			isa = PBXResourcesBuildPhase;
			buildActionMask = 2147483647;
			files = (
				510AAEF61E51F16F00282925 /* offers.json in Resources */,
				512466A41DB1445000B14F1E /* LaunchScreen.storyboard in Resources */,
				512466A11DB1445000B14F1E /* Assets.xcassets in Resources */,
				5124669F1DB1445000B14F1E /* Main.storyboard in Resources */,
			);
			runOnlyForDeploymentPostprocessing = 0;
		};
/* End PBXResourcesBuildPhase section */

/* Begin PBXSourcesBuildPhase section */
		5124668D1DB1445000B14F1E /* Sources */ = {
			isa = PBXSourcesBuildPhase;
			buildActionMask = 2147483647;
			files = (
				512466991DB1445000B14F1E /* AppDelegate.m in Sources */,
				512466961DB1445000B14F1E /* main.m in Sources */,
				5172740B1E4E0CA200769583 /* UnlockSampleTableViewController.m in Sources */,
				510AAEF41E51EFCB00282925 /* ResourceManager.m in Sources */,
			);
			runOnlyForDeploymentPostprocessing = 0;
		};
/* End PBXSourcesBuildPhase section */

/* Begin PBXVariantGroup section */
		5124669D1DB1445000B14F1E /* Main.storyboard */ = {
			isa = PBXVariantGroup;
			children = (
				5124669E1DB1445000B14F1E /* Base */,
			);
			name = Main.storyboard;
			sourceTree = "<group>";
		};
		512466A21DB1445000B14F1E /* LaunchScreen.storyboard */ = {
			isa = PBXVariantGroup;
			children = (
				512466A31DB1445000B14F1E /* Base */,
			);
			name = LaunchScreen.storyboard;
			sourceTree = "<group>";
		};
/* End PBXVariantGroup section */

/* Begin XCBuildConfiguration section */
		512466A61DB1445000B14F1E /* Debug */ = {
			isa = XCBuildConfiguration;
			buildSettings = {
				ALWAYS_SEARCH_USER_PATHS = NO;
				CLANG_ANALYZER_NONNULL = YES;
				CLANG_CXX_LANGUAGE_STANDARD = "gnu++0x";
				CLANG_CXX_LIBRARY = "libc++";
				CLANG_ENABLE_MODULES = YES;
				CLANG_ENABLE_OBJC_ARC = YES;
				CLANG_WARN_BOOL_CONVERSION = YES;
				CLANG_WARN_CONSTANT_CONVERSION = YES;
				CLANG_WARN_DIRECT_OBJC_ISA_USAGE = YES_ERROR;
				CLANG_WARN_DOCUMENTATION_COMMENTS = YES;
				CLANG_WARN_EMPTY_BODY = YES;
				CLANG_WARN_ENUM_CONVERSION = YES;
				CLANG_WARN_INFINITE_RECURSION = YES;
				CLANG_WARN_INT_CONVERSION = YES;
				CLANG_WARN_OBJC_ROOT_CLASS = YES_ERROR;
				CLANG_WARN_SUSPICIOUS_MOVE = YES;
				CLANG_WARN_SUSPICIOUS_MOVES = YES;
				CLANG_WARN_UNREACHABLE_CODE = YES;
				CLANG_WARN__DUPLICATE_METHOD_MATCH = YES;
				"CODE_SIGN_IDENTITY[sdk=iphoneos*]" = "iPhone Developer";
				COPY_PHASE_STRIP = NO;
				DEBUG_INFORMATION_FORMAT = dwarf;
				ENABLE_STRICT_OBJC_MSGSEND = YES;
				ENABLE_TESTABILITY = YES;
				GCC_C_LANGUAGE_STANDARD = gnu99;
				GCC_DYNAMIC_NO_PIC = NO;
				GCC_NO_COMMON_BLOCKS = YES;
				GCC_OPTIMIZATION_LEVEL = 0;
				GCC_PREPROCESSOR_DEFINITIONS = (
					"DEBUG=1",
					"$(inherited)",
				);
				GCC_WARN_64_TO_32_BIT_CONVERSION = YES;
				GCC_WARN_ABOUT_RETURN_TYPE = YES_ERROR;
				GCC_WARN_UNDECLARED_SELECTOR = YES;
				GCC_WARN_UNINITIALIZED_AUTOS = YES_AGGRESSIVE;
				GCC_WARN_UNUSED_FUNCTION = YES;
				GCC_WARN_UNUSED_VARIABLE = YES;
				IPHONEOS_DEPLOYMENT_TARGET = 10.0;
				MTL_ENABLE_DEBUG_INFO = YES;
				ONLY_ACTIVE_ARCH = YES;
				SDKROOT = iphoneos;
				TARGETED_DEVICE_FAMILY = "1,2";
			};
			name = Debug;
		};
		512466A71DB1445000B14F1E /* Release */ = {
			isa = XCBuildConfiguration;
			buildSettings = {
				ALWAYS_SEARCH_USER_PATHS = NO;
				CLANG_ANALYZER_NONNULL = YES;
				CLANG_CXX_LANGUAGE_STANDARD = "gnu++0x";
				CLANG_CXX_LIBRARY = "libc++";
				CLANG_ENABLE_MODULES = YES;
				CLANG_ENABLE_OBJC_ARC = YES;
				CLANG_WARN_BOOL_CONVERSION = YES;
				CLANG_WARN_CONSTANT_CONVERSION = YES;
				CLANG_WARN_DIRECT_OBJC_ISA_USAGE = YES_ERROR;
				CLANG_WARN_DOCUMENTATION_COMMENTS = YES;
				CLANG_WARN_EMPTY_BODY = YES;
				CLANG_WARN_ENUM_CONVERSION = YES;
				CLANG_WARN_INFINITE_RECURSION = YES;
				CLANG_WARN_INT_CONVERSION = YES;
				CLANG_WARN_OBJC_ROOT_CLASS = YES_ERROR;
				CLANG_WARN_SUSPICIOUS_MOVE = YES;
				CLANG_WARN_SUSPICIOUS_MOVES = YES;
				CLANG_WARN_UNREACHABLE_CODE = YES;
				CLANG_WARN__DUPLICATE_METHOD_MATCH = YES;
				"CODE_SIGN_IDENTITY[sdk=iphoneos*]" = "iPhone Developer";
				COPY_PHASE_STRIP = NO;
				DEBUG_INFORMATION_FORMAT = "dwarf-with-dsym";
				ENABLE_NS_ASSERTIONS = NO;
				ENABLE_STRICT_OBJC_MSGSEND = YES;
				GCC_C_LANGUAGE_STANDARD = gnu99;
				GCC_NO_COMMON_BLOCKS = YES;
				GCC_WARN_64_TO_32_BIT_CONVERSION = YES;
				GCC_WARN_ABOUT_RETURN_TYPE = YES_ERROR;
				GCC_WARN_UNDECLARED_SELECTOR = YES;
				GCC_WARN_UNINITIALIZED_AUTOS = YES_AGGRESSIVE;
				GCC_WARN_UNUSED_FUNCTION = YES;
				GCC_WARN_UNUSED_VARIABLE = YES;
				IPHONEOS_DEPLOYMENT_TARGET = 10.0;
				MTL_ENABLE_DEBUG_INFO = NO;
				SDKROOT = iphoneos;
				TARGETED_DEVICE_FAMILY = "1,2";
				VALIDATE_PRODUCT = YES;
			};
			name = Release;
		};
		512466A91DB1445000B14F1E /* Debug */ = {
			isa = XCBuildConfiguration;
			buildSettings = {
				ASSETCATALOG_COMPILER_APPICON_NAME = AppIcon;
				DEVELOPMENT_TEAM = "";
				INFOPLIST_FILE = Sample/Info.plist;
				LD_RUNPATH_SEARCH_PATHS = "$(inherited) @executable_path/Frameworks";
				PRODUCT_BUNDLE_IDENTIFIER = com.appgratis.unlock.Sample;
				PRODUCT_NAME = "$(TARGET_NAME)";
			};
			name = Debug;
		};
		512466AA1DB1445000B14F1E /* Release */ = {
			isa = XCBuildConfiguration;
			buildSettings = {
				ASSETCATALOG_COMPILER_APPICON_NAME = AppIcon;
				DEVELOPMENT_TEAM = "";
				INFOPLIST_FILE = Sample/Info.plist;
				LD_RUNPATH_SEARCH_PATHS = "$(inherited) @executable_path/Frameworks";
				PRODUCT_BUNDLE_IDENTIFIER = com.appgratis.unlock.Sample;
				PRODUCT_NAME = "$(TARGET_NAME)";
			};
			name = Release;
		};
/* End XCBuildConfiguration section */

/* Begin XCConfigurationList section */
		5124668C1DB1445000B14F1E /* Build configuration list for PBXProject "Sample" */ = {
			isa = XCConfigurationList;
			buildConfigurations = (
				512466A61DB1445000B14F1E /* Debug */,
				512466A71DB1445000B14F1E /* Release */,
			);
			defaultConfigurationIsVisible = 0;
			defaultConfigurationName = Release;
		};
		512466A81DB1445000B14F1E /* Build configuration list for PBXNativeTarget "Sample" */ = {
			isa = XCConfigurationList;
			buildConfigurations = (
				512466A91DB1445000B14F1E /* Debug */,
				512466AA1DB1445000B14F1E /* Release */,
			);
			defaultConfigurationIsVisible = 0;
			defaultConfigurationName = Release;
		};
/* End XCConfigurationList section */
	};
	rootObject = 512466891DB1445000B14F1E /* Project object */;
}
